
Microsoft Visual Studio Solution File, Format Version 12.00
# Visual Studio Version 16
VisualStudioVersion = 25.0.1700.2
MinimumVisualStudioVersion = 10.0.40219.1
Project("{FAE04EC0-301F-11D3-BF4B-00C04F79EFBC}") = "ChristmasWithTypes", "ChristmasWithTypes.csproj", "{273DD2EF-0ADD-4E9D-BE63-E5AABD4492E8}"
EndProject
Global
	GlobalSection(SolutionConfigurationPlatforms) = preSolution
		Debug|Any CPU = Debug|Any CPU
		Release|Any CPU = Release|Any CPU
	EndGlobalSection
	GlobalSection(ProjectConfigurationPlatforms) = postSolution
		{273DD2EF-0ADD-4E9D-BE63-E5AABD4492E8}.Debug|Any CPU.ActiveCfg = Debug|Any CPU
		{273DD2EF-0ADD-4E9D-BE63-E5AABD4492E8}.Debug|Any CPU.Build.0 = Debug|Any CPU
		{273DD2EF-0ADD-4E9D-BE63-E5AABD4492E8}.Release|Any CPU.ActiveCfg = Release|Any CPU
		{273DD2EF-0ADD-4E9D-BE63-E5AABD4492E8}.Release|Any CPU.Build.0 = Release|Any CPU
	EndGlobalSection
	GlobalSection(SolutionProperties) = preSolution
		HideSolutionNode = FALSE
	EndGlobalSection
	GlobalSection(ExtensibilityGlobals) = postSolution
		SolutionGuid = {6F01F006-4A79-4AAA-B34F-59F82DC2D1F2}
	EndGlobalSection
EndGlobal
